// !$*UTF8*$!
{
	archiveVersion = 1;
	classes = {
	};
	objectVersion = 50;
	objects = {

/* Begin PBXBuildFile section */
		4A133859253657E500549476 /* AppDelegate.swift in Sources */ = {isa = PBXBuildFile; fileRef = 4A133858253657E500549476 /* AppDelegate.swift */; };
		4A13385B253657E500549476 /* SceneDelegate.swift in Sources */ = {isa = PBXBuildFile; fileRef = 4A13385A253657E500549476 /* SceneDelegate.swift */; };
		4A13385D253657E500549476 /* ContentView.swift in Sources */ = {isa = PBXBuildFile; fileRef = 4A13385C253657E500549476 /* ContentView.swift */; };
		4A133860253657E500549476 /* HackerNewsApp.xcdatamodeld in Sources */ = {isa = PBXBuildFile; fileRef = 4A13385E253657E500549476 /* HackerNewsApp.xcdatamodeld */; };
		4A133862253657E700549476 /* Assets.xcassets in Resources */ = {isa = PBXBuildFile; fileRef = 4A133861253657E700549476 /* Assets.xcassets */; };
		4A133865253657E700549476 /* Preview Assets.xcassets in Resources */ = {isa = PBXBuildFile; fileRef = 4A133864253657E700549476 /* Preview Assets.xcassets */; };
		4A133868253657E700549476 /* LaunchScreen.storyboard in Resources */ = {isa = PBXBuildFile; fileRef = 4A133866253657E700549476 /* LaunchScreen.storyboard */; };
		4A133873253657E700549476 /* HackerNewsAppTests.swift in Sources */ = {isa = PBXBuildFile; fileRef = 4A133872253657E700549476 /* HackerNewsAppTests.swift */; };
		4A13387E253657E700549476 /* HackerNewsAppUITests.swift in Sources */ = {isa = PBXBuildFile; fileRef = 4A13387D253657E700549476 /* HackerNewsAppUITests.swift */; };
		4A13389025365A6E00549476 /* NetworkManager.swift in Sources */ = {isa = PBXBuildFile; fileRef = 4A13388F25365A6E00549476 /* NetworkManager.swift */; };
		4A13389825365B7200549476 /* PostData.swift in Sources */ = {isa = PBXBuildFile; fileRef = 4A13389725365B7200549476 /* PostData.swift */; };
		4A1338A925365FBD00549476 /* DetailView.swift in Sources */ = {isa = PBXBuildFile; fileRef = 4A1338A825365FBD00549476 /* DetailView.swift */; };
/* End PBXBuildFile section */

/* Begin PBXContainerItemProxy section */
		4A13386F253657E700549476 /* PBXContainerItemProxy */ = {
			isa = PBXContainerItemProxy;
			containerPortal = 4A13384D253657E500549476 /* Project object */;
			proxyType = 1;
			remoteGlobalIDString = 4A133854253657E500549476;
			remoteInfo = HackerNewsApp;
		};
		4A13387A253657E700549476 /* PBXContainerItemProxy */ = {
			isa = PBXContainerItemProxy;
			containerPortal = 4A13384D253657E500549476 /* Project object */;
			proxyType = 1;
			remoteGlobalIDString = 4A133854253657E500549476;
			remoteInfo = HackerNewsApp;
		};
/* End PBXContainerItemProxy section */

/* Begin PBXFileReference section */
		4A133855253657E500549476 /* HackerNewsApp.app */ = {isa = PBXFileReference; explicitFileType = wrapper.application; includeInIndex = 0; path = HackerNewsApp.app; sourceTree = BUILT_PRODUCTS_DIR; };
		4A133858253657E500549476 /* AppDelegate.swift */ = {isa = PBXFileReference; lastKnownFileType = sourcecode.swift; path = AppDelegate.swift; sourceTree = "<group>"; };
		4A13385A253657E500549476 /* SceneDelegate.swift */ = {isa = PBXFileReference; lastKnownFileType = sourcecode.swift; path = SceneDelegate.swift; sourceTree = "<group>"; };
		4A13385C253657E500549476 /* ContentView.swift */ = {isa = PBXFileReference; lastKnownFileType = sourcecode.swift; path = ContentView.swift; sourceTree = "<group>"; };
		4A13385F253657E500549476 /* HackerNewsApp.xcdatamodel */ = {isa = PBXFileReference; lastKnownFileType = wrapper.xcdatamodel; path = HackerNewsApp.xcdatamodel; sourceTree = "<group>"; };
		4A133861253657E700549476 /* Assets.xcassets */ = {isa = PBXFileReference; lastKnownFileType = folder.assetcatalog; path = Assets.xcassets; sourceTree = "<group>"; };
		4A133864253657E700549476 /* Preview Assets.xcassets */ = {isa = PBXFileReference; lastKnownFileType = folder.assetcatalog; path = "Preview Assets.xcassets"; sourceTree = "<group>"; };
		4A133867253657E700549476 /* Base */ = {isa = PBXFileReference; lastKnownFileType = file.storyboard; name = Base; path = Base.lproj/LaunchScreen.storyboard; sourceTree = "<group>"; };
		4A133869253657E700549476 /* Info.plist */ = {isa = PBXFileReference; lastKnownFileType = text.plist.xml; path = Info.plist; sourceTree = "<group>"; };
		4A13386E253657E700549476 /* HackerNewsAppTests.xctest */ = {isa = PBXFileReference; explicitFileType = wrapper.cfbundle; includeInIndex = 0; path = HackerNewsAppTests.xctest; sourceTree = BUILT_PRODUCTS_DIR; };
		4A133872253657E700549476 /* HackerNewsAppTests.swift */ = {isa = PBXFileReference; lastKnownFileType = sourcecode.swift; path = HackerNewsAppTests.swift; sourceTree = "<group>"; };
		4A133874253657E700549476 /* Info.plist */ = {isa = PBXFileReference; lastKnownFileType = text.plist.xml; path = Info.plist; sourceTree = "<group>"; };
		4A133879253657E700549476 /* HackerNewsAppUITests.xctest */ = {isa = PBXFileReference; explicitFileType = wrapper.cfbundle; includeInIndex = 0; path = HackerNewsAppUITests.xctest; sourceTree = BUILT_PRODUCTS_DIR; };
		4A13387D253657E700549476 /* HackerNewsAppUITests.swift */ = {isa = PBXFileReference; lastKnownFileType = sourcecode.swift; path = HackerNewsAppUITests.swift; sourceTree = "<group>"; };
		4A13387F253657E700549476 /* Info.plist */ = {isa = PBXFileReference; lastKnownFileType = text.plist.xml; path = Info.plist; sourceTree = "<group>"; };
		4A13388F25365A6E00549476 /* NetworkManager.swift */ = {isa = PBXFileReference; lastKnownFileType = sourcecode.swift; path = NetworkManager.swift; sourceTree = "<group>"; };
		4A13389725365B7200549476 /* PostData.swift */ = {isa = PBXFileReference; lastKnownFileType = sourcecode.swift; path = PostData.swift; sourceTree = "<group>"; };
		4A1338A825365FBD00549476 /* DetailView.swift */ = {isa = PBXFileReference; lastKnownFileType = sourcecode.swift; path = DetailView.swift; sourceTree = "<group>"; };
/* End PBXFileReference section */

/* Begin PBXFrameworksBuildPhase section */
		4A133852253657E500549476 /* Frameworks */ = {
			isa = PBXFrameworksBuildPhase;
			buildActionMask = 2147483647;
			files = (
			);
			runOnlyForDeploymentPostprocessing = 0;
		};
		4A13386B253657E700549476 /* Frameworks */ = {
			isa = PBXFrameworksBuildPhase;
			buildActionMask = 2147483647;
			files = (
			);
			runOnlyForDeploymentPostprocessing = 0;
		};
		4A133876253657E700549476 /* Frameworks */ = {
			isa = PBXFrameworksBuildPhase;
			buildActionMask = 2147483647;
			files = (
			);
			runOnlyForDeploymentPostprocessing = 0;
		};
/* End PBXFrameworksBuildPhase section */

/* Begin PBXGroup section */
		4A13384C253657E500549476 = {
			isa = PBXGroup;
			children = (
				4A133857253657E500549476 /* HackerNewsApp */,
				4A133871253657E700549476 /* HackerNewsAppTests */,
				4A13387C253657E700549476 /* HackerNewsAppUITests */,
				4A133856253657E500549476 /* Products */,
			);
			sourceTree = "<group>";
		};
		4A133856253657E500549476 /* Products */ = {
			isa = PBXGroup;
			children = (
				4A133855253657E500549476 /* HackerNewsApp.app */,
				4A13386E253657E700549476 /* HackerNewsAppTests.xctest */,
				4A133879253657E700549476 /* HackerNewsAppUITests.xctest */,
			);
			name = Products;
			sourceTree = "<group>";
		};
		4A133857253657E500549476 /* HackerNewsApp */ = {
			isa = PBXGroup;
			children = (
				4A13388E25365A5800549476 /* Models */,
				4A133858253657E500549476 /* AppDelegate.swift */,
				4A13385A253657E500549476 /* SceneDelegate.swift */,
				4A13389C25365F8000549476 /* Views */,
				4A133861253657E700549476 /* Assets.xcassets */,
				4A133866253657E700549476 /* LaunchScreen.storyboard */,
				4A133869253657E700549476 /* Info.plist */,
				4A13385E253657E500549476 /* HackerNewsApp.xcdatamodeld */,
				4A133863253657E700549476 /* Preview Content */,
			);
			path = HackerNewsApp;
			sourceTree = "<group>";
		};
		4A133863253657E700549476 /* Preview Content */ = {
			isa = PBXGroup;
			children = (
				4A133864253657E700549476 /* Preview Assets.xcassets */,
			);
			path = "Preview Content";
			sourceTree = "<group>";
		};
		4A133871253657E700549476 /* HackerNewsAppTests */ = {
			isa = PBXGroup;
			children = (
				4A133872253657E700549476 /* HackerNewsAppTests.swift */,
				4A133874253657E700549476 /* Info.plist */,
			);
			path = HackerNewsAppTests;
			sourceTree = "<group>";
		};
		4A13387C253657E700549476 /* HackerNewsAppUITests */ = {
			isa = PBXGroup;
			children = (
				4A13387D253657E700549476 /* HackerNewsAppUITests.swift */,
				4A13387F253657E700549476 /* Info.plist */,
			);
			path = HackerNewsAppUITests;
			sourceTree = "<group>";
		};
		4A13388E25365A5800549476 /* Models */ = {
			isa = PBXGroup;
			children = (
				4A13388F25365A6E00549476 /* NetworkManager.swift */,
				4A13389725365B7200549476 /* PostData.swift */,
			);
			path = Models;
			sourceTree = "<group>";
		};
		4A13389C25365F8000549476 /* Views */ = {
			isa = PBXGroup;
			children = (
				4A13385C253657E500549476 /* ContentView.swift */,
				4A1338A825365FBD00549476 /* DetailView.swift */,
			);
			path = Views;
			sourceTree = "<group>";
		};
/* End PBXGroup section */

/* Begin PBXNativeTarget section */
		4A133854253657E500549476 /* HackerNewsApp */ = {
			isa = PBXNativeTarget;
			buildConfigurationList = 4A133882253657E700549476 /* Build configuration list for PBXNativeTarget "HackerNewsApp" */;
			buildPhases = (
				4A133851253657E500549476 /* Sources */,
				4A133852253657E500549476 /* Frameworks */,
				4A133853253657E500549476 /* Resources */,
			);
			buildRules = (
			);
			dependencies = (
			);
			name = HackerNewsApp;
			productName = HackerNewsApp;
			productReference = 4A133855253657E500549476 /* HackerNewsApp.app */;
			productType = "com.apple.product-type.application";
		};
		4A13386D253657E700549476 /* HackerNewsAppTests */ = {
			isa = PBXNativeTarget;
			buildConfigurationList = 4A133885253657E700549476 /* Build configuration list for PBXNativeTarget "HackerNewsAppTests" */;
			buildPhases = (
				4A13386A253657E700549476 /* Sources */,
				4A13386B253657E700549476 /* Frameworks */,
				4A13386C253657E700549476 /* Resources */,
			);
			buildRules = (
			);
			dependencies = (
				4A133870253657E700549476 /* PBXTargetDependency */,
			);
			name = HackerNewsAppTests;
			productName = HackerNewsAppTests;
			productReference = 4A13386E253657E700549476 /* HackerNewsAppTests.xctest */;
			productType = "com.apple.product-type.bundle.unit-test";
		};
		4A133878253657E700549476 /* HackerNewsAppUITests */ = {
			isa = PBXNativeTarget;
			buildConfigurationList = 4A133888253657E700549476 /* Build configuration list for PBXNativeTarget "HackerNewsAppUITests" */;
			buildPhases = (
				4A133875253657E700549476 /* Sources */,
				4A133876253657E700549476 /* Frameworks */,
				4A133877253657E700549476 /* Resources */,
			);
			buildRules = (
			);
			dependencies = (
				4A13387B253657E700549476 /* PBXTargetDependency */,
			);
			name = HackerNewsAppUITests;
			productName = HackerNewsAppUITests;
			productReference = 4A133879253657E700549476 /* HackerNewsAppUITests.xctest */;
			productType = "com.apple.product-type.bundle.ui-testing";
		};
/* End PBXNativeTarget section */

/* Begin PBXProject section */
		4A13384D253657E500549476 /* Project object */ = {
			isa = PBXProject;
			attributes = {
				LastSwiftUpdateCheck = 1200;
				LastUpgradeCheck = 1200;
				TargetAttributes = {
					4A133854253657E500549476 = {
						CreatedOnToolsVersion = 12.0.1;
					};
					4A13386D253657E700549476 = {
						CreatedOnToolsVersion = 12.0.1;
						TestTargetID = 4A133854253657E500549476;
					};
					4A133878253657E700549476 = {
						CreatedOnToolsVersion = 12.0.1;
						TestTargetID = 4A133854253657E500549476;
					};
				};
			};
			buildConfigurationList = 4A133850253657E500549476 /* Build configuration list for PBXProject "HackerNewsApp" */;
			compatibilityVersion = "Xcode 9.3";
			developmentRegion = en;
			hasScannedForEncodings = 0;
			knownRegions = (
				en,
				Base,
			);
			mainGroup = 4A13384C253657E500549476;
			productRefGroup = 4A133856253657E500549476 /* Products */;
			projectDirPath = "";
			projectRoot = "";
			targets = (
				4A133854253657E500549476 /* HackerNewsApp */,
				4A13386D253657E700549476 /* HackerNewsAppTests */,
				4A133878253657E700549476 /* HackerNewsAppUITests */,
			);
		};
/* End PBXProject section */

/* Begin PBXResourcesBuildPhase section */
		4A133853253657E500549476 /* Resources */ = {
			isa = PBXResourcesBuildPhase;
			buildActionMask = 2147483647;
			files = (
				4A133868253657E700549476 /* LaunchScreen.storyboard in Resources */,
				4A133865253657E700549476 /* Preview Assets.xcassets in Resources */,
				4A133862253657E700549476 /* Assets.xcassets in Resources */,
			);
			runOnlyForDeploymentPostprocessing = 0;
		};
		4A13386C253657E700549476 /* Resources */ = {
			isa = PBXResourcesBuildPhase;
			buildActionMask = 2147483647;
			files = (
			);
			runOnlyForDeploymentPostprocessing = 0;
		};
		4A133877253657E700549476 /* Resources */ = {
			isa = PBXResourcesBuildPhase;
			buildActionMask = 2147483647;
			files = (
			);
			runOnlyForDeploymentPostprocessing = 0;
		};
/* End PBXResourcesBuildPhase section */

/* Begin PBXSourcesBuildPhase section */
		4A133851253657E500549476 /* Sources */ = {
			isa = PBXSourcesBuildPhase;
			buildActionMask = 2147483647;
			files = (
				4A133859253657E500549476 /* AppDelegate.swift in Sources */,
				4A13389825365B7200549476 /* PostData.swift in Sources */,
				4A13385B253657E500549476 /* SceneDelegate.swift in Sources */,
				4A1338A925365FBD00549476 /* DetailView.swift in Sources */,
				4A13389025365A6E00549476 /* NetworkManager.swift in Sources */,
				4A133860253657E500549476 /* HackerNewsApp.xcdatamodeld in Sources */,
				4A13385D253657E500549476 /* ContentView.swift in Sources */,
			);
			runOnlyForDeploymentPostprocessing = 0;
		};
		4A13386A253657E700549476 /* Sources */ = {
			isa = PBXSourcesBuildPhase;
			buildActionMask = 2147483647;
			files = (
				4A133873253657E700549476 /* HackerNewsAppTests.swift in Sources */,
			);
			runOnlyForDeploymentPostprocessing = 0;
		};
		4A133875253657E700549476 /* Sources */ = {
			isa = PBXSourcesBuildPhase;
			buildActionMask = 2147483647;
			files = (
				4A13387E253657E700549476 /* HackerNewsAppUITests.swift in Sources */,
			);
			runOnlyForDeploymentPostprocessing = 0;
		};
/* End PBXSourcesBuildPhase section */

/* Begin PBXTargetDependency section */
		4A133870253657E700549476 /* PBXTargetDependency */ = {
			isa = PBXTargetDependency;
			target = 4A133854253657E500549476 /* HackerNewsApp */;
			targetProxy = 4A13386F253657E700549476 /* PBXContainerItemProxy */;
		};
		4A13387B253657E700549476 /* PBXTargetDependency */ = {
			isa = PBXTargetDependency;
			target = 4A133854253657E500549476 /* HackerNewsApp */;
			targetProxy = 4A13387A253657E700549476 /* PBXContainerItemProxy */;
		};
/* End PBXTargetDependency section */

/* Begin PBXVariantGroup section */
		4A133866253657E700549476 /* LaunchScreen.storyboard */ = {
			isa = PBXVariantGroup;
			children = (
				4A133867253657E700549476 /* Base */,
			);
			name = LaunchScreen.storyboard;
			sourceTree = "<group>";
		};
/* End PBXVariantGroup section */

/* Begin XCBuildConfiguration section */
		4A133880253657E700549476 /* Debug */ = {
			isa = XCBuildConfiguration;
			buildSettings = {
				ALWAYS_SEARCH_USER_PATHS = NO;
				CLANG_ANALYZER_NONNULL = YES;
				CLANG_ANALYZER_NUMBER_OBJECT_CONVERSION = YES_AGGRESSIVE;
				CLANG_CXX_LANGUAGE_STANDARD = "gnu++14";
				CLANG_CXX_LIBRARY = "libc++";
				CLANG_ENABLE_MODULES = YES;
				CLANG_ENABLE_OBJC_ARC = YES;
				CLANG_ENABLE_OBJC_WEAK = YES;
				CLANG_WARN_BLOCK_CAPTURE_AUTORELEASING = YES;
				CLANG_WARN_BOOL_CONVERSION = YES;
				CLANG_WARN_COMMA = YES;
				CLANG_WARN_CONSTANT_CONVERSION = YES;
				CLANG_WARN_DEPRECATED_OBJC_IMPLEMENTATIONS = YES;
				CLANG_WARN_DIRECT_OBJC_ISA_USAGE = YES_ERROR;
				CLANG_WARN_DOCUMENTATION_COMMENTS = YES;
				CLANG_WARN_EMPTY_BODY = YES;
				CLANG_WARN_ENUM_CONVERSION = YES;
				CLANG_WARN_INFINITE_RECURSION = YES;
				CLANG_WARN_INT_CONVERSION = YES;
				CLANG_WARN_NON_LITERAL_NULL_CONVERSION = YES;
				CLANG_WARN_OBJC_IMPLICIT_RETAIN_SELF = YES;
				CLANG_WARN_OBJC_LITERAL_CONVERSION = YES;
				CLANG_WARN_OBJC_ROOT_CLASS = YES_ERROR;
				CLANG_WARN_QUOTED_INCLUDE_IN_FRAMEWORK_HEADER = YES;
				CLANG_WARN_RANGE_LOOP_ANALYSIS = YES;
				CLANG_WARN_STRICT_PROTOTYPES = YES;
				CLANG_WARN_SUSPICIOUS_MOVE = YES;
				CLANG_WARN_UNGUARDED_AVAILABILITY = YES_AGGRESSIVE;
				CLANG_WARN_UNREACHABLE_CODE = YES;
				CLANG_WARN__DUPLICATE_METHOD_MATCH = YES;
				COPY_PHASE_STRIP = NO;
				DEBUG_INFORMATION_FORMAT = dwarf;
				ENABLE_STRICT_OBJC_MSGSEND = YES;
				ENABLE_TESTABILITY = YES;
				GCC_C_LANGUAGE_STANDARD = gnu11;
				GCC_DYNAMIC_NO_PIC = NO;
				GCC_NO_COMMON_BLOCKS = YES;
				GCC_OPTIMIZATION_LEVEL = 0;
				GCC_PREPROCESSOR_DEFINITIONS = (
					"DEBUG=1",
					"$(inherited)",
				);
				GCC_WARN_64_TO_32_BIT_CONVERSION = YES;
				GCC_WARN_ABOUT_RETURN_TYPE = YES_ERROR;
				GCC_WARN_UNDECLARED_SELECTOR = YES;
				GCC_WARN_UNINITIALIZED_AUTOS = YES_AGGRESSIVE;
				GCC_WARN_UNUSED_FUNCTION = YES;
				GCC_WARN_UNUSED_VARIABLE = YES;
				IPHONEOS_DEPLOYMENT_TARGET = 14.0;
				MTL_ENABLE_DEBUG_INFO = INCLUDE_SOURCE;
				MTL_FAST_MATH = YES;
				ONLY_ACTIVE_ARCH = YES;
				SDKROOT = iphoneos;
				SWIFT_ACTIVE_COMPILATION_CONDITIONS = DEBUG;
				SWIFT_OPTIMIZATION_LEVEL = "-Onone";
			};
			name = Debug;
		};
		4A133881253657E700549476 /* Release */ = {
			isa = XCBuildConfiguration;
			buildSettings = {
				ALWAYS_SEARCH_USER_PATHS = NO;
				CLANG_ANALYZER_NONNULL = YES;
				CLANG_ANALYZER_NUMBER_OBJECT_CONVERSION = YES_AGGRESSIVE;
				CLANG_CXX_LANGUAGE_STANDARD = "gnu++14";
				CLANG_CXX_LIBRARY = "libc++";
				CLANG_ENABLE_MODULES = YES;
				CLANG_ENABLE_OBJC_ARC = YES;
				CLANG_ENABLE_OBJC_WEAK = YES;
				CLANG_WARN_BLOCK_CAPTURE_AUTORELEASING = YES;
				CLANG_WARN_BOOL_CONVERSION = YES;
				CLANG_WARN_COMMA = YES;
				CLANG_WARN_CONSTANT_CONVERSION = YES;
				CLANG_WARN_DEPRECATED_OBJC_IMPLEMENTATIONS = YES;
				CLANG_WARN_DIRECT_OBJC_ISA_USAGE = YES_ERROR;
				CLANG_WARN_DOCUMENTATION_COMMENTS = YES;
				CLANG_WARN_EMPTY_BODY = YES;
				CLANG_WARN_ENUM_CONVERSION = YES;
				CLANG_WARN_INFINITE_RECURSION = YES;
				CLANG_WARN_INT_CONVERSION = YES;
				CLANG_WARN_NON_LITERAL_NULL_CONVERSION = YES;
				CLANG_WARN_OBJC_IMPLICIT_RETAIN_SELF = YES;
				CLANG_WARN_OBJC_LITERAL_CONVERSION = YES;
				CLANG_WARN_OBJC_ROOT_CLASS = YES_ERROR;
				CLANG_WARN_QUOTED_INCLUDE_IN_FRAMEWORK_HEADER = YES;
				CLANG_WARN_RANGE_LOOP_ANALYSIS = YES;
				CLANG_WARN_STRICT_PROTOTYPES = YES;
				CLANG_WARN_SUSPICIOUS_MOVE = YES;
				CLANG_WARN_UNGUARDED_AVAILABILITY = YES_AGGRESSIVE;
				CLANG_WARN_UNREACHABLE_CODE = YES;
				CLANG_WARN__DUPLICATE_METHOD_MATCH = YES;
				COPY_PHASE_STRIP = NO;
				DEBUG_INFORMATION_FORMAT = "dwarf-with-dsym";
				ENABLE_NS_ASSERTIONS = NO;
				ENABLE_STRICT_OBJC_MSGSEND = YES;
				GCC_C_LANGUAGE_STANDARD = gnu11;
				GCC_NO_COMMON_BLOCKS = YES;
				GCC_WARN_64_TO_32_BIT_CONVERSION = YES;
				GCC_WARN_ABOUT_RETURN_TYPE = YES_ERROR;
				GCC_WARN_UNDECLARED_SELECTOR = YES;
				GCC_WARN_UNINITIALIZED_AUTOS = YES_AGGRESSIVE;
				GCC_WARN_UNUSED_FUNCTION = YES;
				GCC_WARN_UNUSED_VARIABLE = YES;
				IPHONEOS_DEPLOYMENT_TARGET = 14.0;
				MTL_ENABLE_DEBUG_INFO = NO;
				MTL_FAST_MATH = YES;
				SDKROOT = iphoneos;
				SWIFT_COMPILATION_MODE = wholemodule;
				SWIFT_OPTIMIZATION_LEVEL = "-O";
				VALIDATE_PRODUCT = YES;
			};
			name = Release;
		};
		4A133883253657E700549476 /* Debug */ = {
			isa = XCBuildConfiguration;
			buildSettings = {
				ASSETCATALOG_COMPILER_APPICON_NAME = AppIcon;
				ASSETCATALOG_COMPILER_GLOBAL_ACCENT_COLOR_NAME = AccentColor;
				CODE_SIGN_STYLE = Automatic;
				DEVELOPMENT_ASSET_PATHS = "\"HackerNewsApp/Preview Content\"";
				DEVELOPMENT_TEAM = WEGSXKWY24;
				ENABLE_PREVIEWS = YES;
				INFOPLIST_FILE = HackerNewsApp/Info.plist;
				LD_RUNPATH_SEARCH_PATHS = (
					"$(inherited)",
					"@executable_path/Frameworks",
				);
				PRODUCT_BUNDLE_IDENTIFIER = edu.uoit.sofe.HackerNewsApp;
				PRODUCT_NAME = "$(TARGET_NAME)";
				SWIFT_VERSION = 5.0;
				TARGETED_DEVICE_FAMILY = "1,2";
			};
			name = Debug;
		};
		4A133884253657E700549476 /* Release */ = {
			isa = XCBuildConfiguration;
			buildSettings = {
				ASSETCATALOG_COMPILER_APPICON_NAME = AppIcon;
				ASSETCATALOG_COMPILER_GLOBAL_ACCENT_COLOR_NAME = AccentColor;
				CODE_SIGN_STYLE = Automatic;
				DEVELOPMENT_ASSET_PATHS = "\"HackerNewsApp/Preview Content\"";
				DEVELOPMENT_TEAM = WEGSXKWY24;
				ENABLE_PREVIEWS = YES;
				INFOPLIST_FILE = HackerNewsApp/Info.plist;
				LD_RUNPATH_SEARCH_PATHS = (
					"$(inherited)",
					"@executable_path/Frameworks",
				);
				PRODUCT_BUNDLE_IDENTIFIER = edu.uoit.sofe.HackerNewsApp;
				PRODUCT_NAME = "$(TARGET_NAME)";
				SWIFT_VERSION = 5.0;
				TARGETED_DEVICE_FAMILY = "1,2";
			};
			name = Release;
		};
		4A133886253657E700549476 /* Debug */ = {
			isa = XCBuildConfiguration;
			buildSettings = {
				ALWAYS_EMBED_SWIFT_STANDARD_LIBRARIES = YES;
				BUNDLE_LOADER = "$(TEST_HOST)";
				CODE_SIGN_STYLE = Automatic;
				DEVELOPMENT_TEAM = WEGSXKWY24;
				INFOPLIST_FILE = HackerNewsAppTests/Info.plist;
				IPHONEOS_DEPLOYMENT_TARGET = 14.0;
				LD_RUNPATH_SEARCH_PATHS = (
					"$(inherited)",
					"@executable_path/Frameworks",
					"@loader_path/Frameworks",
				);
				PRODUCT_BUNDLE_IDENTIFIER = edu.uoit.sofe.HackerNewsAppTests;
				PRODUCT_NAME = "$(TARGET_NAME)";
				SWIFT_VERSION = 5.0;
				TARGETED_DEVICE_FAMILY = "1,2";
				TEST_HOST = "$(BUILT_PRODUCTS_DIR)/HackerNewsApp.app/HackerNewsApp";
			};
			name = Debug;
		};
		4A133887253657E700549476 /* Release */ = {
			isa = XCBuildConfiguration;
			buildSettings = {
				ALWAYS_EMBED_SWIFT_STANDARD_LIBRARIES = YES;
				BUNDLE_LOADER = "$(TEST_HOST)";
				CODE_SIGN_STYLE = Automatic;
				DEVELOPMENT_TEAM = WEGSXKWY24;
				INFOPLIST_FILE = HackerNewsAppTests/Info.plist;
				IPHONEOS_DEPLOYMENT_TARGET = 14.0;
				LD_RUNPATH_SEARCH_PATHS = (
					"$(inherited)",
					"@executable_path/Frameworks",
					"@loader_path/Frameworks",
				);
				PRODUCT_BUNDLE_IDENTIFIER = edu.uoit.sofe.HackerNewsAppTests;
				PRODUCT_NAME = "$(TARGET_NAME)";
				SWIFT_VERSION = 5.0;
				TARGETED_DEVICE_FAMILY = "1,2";
				TEST_HOST = "$(BUILT_PRODUCTS_DIR)/HackerNewsApp.app/HackerNewsApp";
			};
			name = Release;
		};
		4A133889253657E700549476 /* Debug */ = {
			isa = XCBuildConfiguration;
			buildSettings = {
				ALWAYS_EMBED_SWIFT_STANDARD_LIBRARIES = YES;
				CODE_SIGN_STYLE = Automatic;
				DEVELOPMENT_TEAM = WEGSXKWY24;
				INFOPLIST_FILE = HackerNewsAppUITests/Info.plist;
				LD_RUNPATH_SEARCH_PATHS = (
					"$(inherited)",
					"@executable_path/Frameworks",
					"@loader_path/Frameworks",
				);
				PRODUCT_BUNDLE_IDENTIFIER = edu.uoit.sofe.HackerNewsAppUITests;
				PRODUCT_NAME = "$(TARGET_NAME)";
				SWIFT_VERSION = 5.0;
				TARGETED_DEVICE_FAMILY = "1,2";
				TEST_TARGET_NAME = HackerNewsApp;
			};
			name = Debug;
		};
		4A13388A253657E700549476 /* Release */ = {
			isa = XCBuildConfiguration;
			buildSettings = {
				ALWAYS_EMBED_SWIFT_STANDARD_LIBRARIES = YES;
				CODE_SIGN_STYLE = Automatic;
				DEVELOPMENT_TEAM = WEGSXKWY24;
				INFOPLIST_FILE = HackerNewsAppUITests/Info.plist;
				LD_RUNPATH_SEARCH_PATHS = (
					"$(inherited)",
					"@executable_path/Frameworks",
					"@loader_path/Frameworks",
				);
				PRODUCT_BUNDLE_IDENTIFIER = edu.uoit.sofe.HackerNewsAppUITests;
				PRODUCT_NAME = "$(TARGET_NAME)";
				SWIFT_VERSION = 5.0;
				TARGETED_DEVICE_FAMILY = "1,2";
				TEST_TARGET_NAME = HackerNewsApp;
			};
			name = Release;
		};
/* End XCBuildConfiguration section */

/* Begin XCConfigurationList section */
		4A133850253657E500549476 /* Build configuration list for PBXProject "HackerNewsApp" */ = {
			isa = XCConfigurationList;
			buildConfigurations = (
				4A133880253657E700549476 /* Debug */,
				4A133881253657E700549476 /* Release */,
			);
			defaultConfigurationIsVisible = 0;
			defaultConfigurationName = Release;
		};
		4A133882253657E700549476 /* Build configuration list for PBXNativeTarget "HackerNewsApp" */ = {
			isa = XCConfigurationList;
			buildConfigurations = (
				4A133883253657E700549476 /* Debug */,
				4A133884253657E700549476 /* Release */,
			);
			defaultConfigurationIsVisible = 0;
			defaultConfigurationName = Release;
		};
		4A133885253657E700549476 /* Build configuration list for PBXNativeTarget "HackerNewsAppTests" */ = {
			isa = XCConfigurationList;
			buildConfigurations = (
				4A133886253657E700549476 /* Debug */,
				4A133887253657E700549476 /* Release */,
			);
			defaultConfigurationIsVisible = 0;
			defaultConfigurationName = Release;
		};
		4A133888253657E700549476 /* Build configuration list for PBXNativeTarget "HackerNewsAppUITests" */ = {
			isa = XCConfigurationList;
			buildConfigurations = (
				4A133889253657E700549476 /* Debug */,
				4A13388A253657E700549476 /* Release */,
			);
			defaultConfigurationIsVisible = 0;
			defaultConfigurationName = Release;
		};
/* End XCConfigurationList section */

/* Begin XCVersionGroup section */
		4A13385E253657E500549476 /* HackerNewsApp.xcdatamodeld */ = {
			isa = XCVersionGroup;
			children = (
				4A13385F253657E500549476 /* HackerNewsApp.xcdatamodel */,
			);
			currentVersion = 4A13385F253657E500549476 /* HackerNewsApp.xcdatamodel */;
			path = HackerNewsApp.xcdatamodeld;
			sourceTree = "<group>";
			versionGroupType = wrapper.xcdatamodel;
		};
/* End XCVersionGroup section */
	};
	rootObject = 4A13384D253657E500549476 /* Project object */;
}
